
Microsoft Visual Studio Solution File, Format Version 12.00
# Visual Studio Version 16
VisualStudioVersion = 16.0.29230.47
MinimumVisualStudioVersion = 10.0.40219.1
Project("{FAE04EC0-301F-11D3-BF4B-00C04F79EFBC}") = "XmlPrintHandler", "XmlPrintSerializer\XmlPrintHandler.csproj", "{8EEBC8FE-7C4D-4F1E-B60B-BC3F19E6F1B0}"
EndProject
Project("{FAE04EC0-301F-11D3-BF4B-00C04F79EFBC}") = "TestXmlPrintHandler", "TestXmlPrintSerializer\TestXmlPrintHandler.csproj", "{CF5DA798-73D6-4045-BD80-2685F27106AD}"
EndProject
Global
	GlobalSection(SolutionConfigurationPlatforms) = preSolution
		Debug|Any CPU = Debug|Any CPU
		Release|Any CPU = Release|Any CPU
	EndGlobalSection
	GlobalSection(ProjectConfigurationPlatforms) = postSolution
		{8EEBC8FE-7C4D-4F1E-B60B-BC3F19E6F1B0}.Debug|Any CPU.ActiveCfg = Debug|Any CPU
		{8EEBC8FE-7C4D-4F1E-B60B-BC3F19E6F1B0}.Debug|Any CPU.Build.0 = Debug|Any CPU
		{8EEBC8FE-7C4D-4F1E-B60B-BC3F19E6F1B0}.Release|Any CPU.ActiveCfg = Debug|Any CPU
		{8EEBC8FE-7C4D-4F1E-B60B-BC3F19E6F1B0}.Release|Any CPU.Build.0 = Debug|Any CPU
		{CF5DA798-73D6-4045-BD80-2685F27106AD}.Debug|Any CPU.ActiveCfg = Debug|Any CPU
		{CF5DA798-73D6-4045-BD80-2685F27106AD}.Debug|Any CPU.Build.0 = Debug|Any CPU
		{CF5DA798-73D6-4045-BD80-2685F27106AD}.Release|Any CPU.ActiveCfg = Debug|Any CPU
		{CF5DA798-73D6-4045-BD80-2685F27106AD}.Release|Any CPU.Build.0 = Debug|Any CPU
	EndGlobalSection
	GlobalSection(SolutionProperties) = preSolution
		HideSolutionNode = FALSE
	EndGlobalSection
	GlobalSection(ExtensibilityGlobals) = postSolution
		SolutionGuid = {EC3DF831-6E9A-4F71-80BA-8F32D890C6BB}
	EndGlobalSection
EndGlobal
